
Microsoft Visual Studio Solution File, Format Version 12.00
# Visual Studio Version 16
VisualStudioVersion = 16.0.29709.97
MinimumVisualStudioVersion = 10.0.40219.1
Project("{FAE04EC0-301F-11D3-BF4B-00C04F79EFBC}") = "QuizManager", "QuizManager\QuizManager.csproj", "{B0A242C9-CA8D-4566-87B4-D346274BE64F}"
EndProject
Project("{FAE04EC0-301F-11D3-BF4B-00C04F79EFBC}") = "QuizManager.Data", "QuizManager.Data\QuizManager.Data.csproj", "{1CBFC736-C412-461E-9BDA-19188671E640}"
EndProject
Project("{FAE04EC0-301F-11D3-BF4B-00C04F79EFBC}") = "QuizManager.Business", "QuizManager.Business\QuizManager.Business.csproj", "{977716ED-7DD4-487C-80C0-B9476922A9C9}"
EndProject
Global
	GlobalSection(SolutionConfigurationPlatforms) = preSolution
		Debug|Any CPU = Debug|Any CPU
		Release|Any CPU = Release|Any CPU
	EndGlobalSection
	GlobalSection(ProjectConfigurationPlatforms) = postSolution
		{B0A242C9-CA8D-4566-87B4-D346274BE64F}.Debug|Any CPU.ActiveCfg = Debug|Any CPU
		{B0A242C9-CA8D-4566-87B4-D346274BE64F}.Debug|Any CPU.Build.0 = Debug|Any CPU
		{B0A242C9-CA8D-4566-87B4-D346274BE64F}.Release|Any CPU.ActiveCfg = Release|Any CPU
		{B0A242C9-CA8D-4566-87B4-D346274BE64F}.Release|Any CPU.Build.0 = Release|Any CPU
		{1CBFC736-C412-461E-9BDA-19188671E640}.Debug|Any CPU.ActiveCfg = Debug|Any CPU
		{1CBFC736-C412-461E-9BDA-19188671E640}.Debug|Any CPU.Build.0 = Debug|Any CPU
		{1CBFC736-C412-461E-9BDA-19188671E640}.Release|Any CPU.ActiveCfg = Release|Any CPU
		{1CBFC736-C412-461E-9BDA-19188671E640}.Release|Any CPU.Build.0 = Release|Any CPU
		{977716ED-7DD4-487C-80C0-B9476922A9C9}.Debug|Any CPU.ActiveCfg = Debug|Any CPU
		{977716ED-7DD4-487C-80C0-B9476922A9C9}.Debug|Any CPU.Build.0 = Debug|Any CPU
		{977716ED-7DD4-487C-80C0-B9476922A9C9}.Release|Any CPU.ActiveCfg = Release|Any CPU
		{977716ED-7DD4-487C-80C0-B9476922A9C9}.Release|Any CPU.Build.0 = Release|Any CPU
	EndGlobalSection
	GlobalSection(SolutionProperties) = preSolution
		HideSolutionNode = FALSE
	EndGlobalSection
	GlobalSection(ExtensibilityGlobals) = postSolution
		SolutionGuid = {3BB4ACA7-5187-497C-B867-CD1DE86879E7}
	EndGlobalSection
EndGlobal
